
Microsoft Visual Studio Solution File, Format Version 12.00
# Visual Studio Version 16
VisualStudioVersion = 16.0.31424.327
MinimumVisualStudioVersion = 10.0.40219.1
Project("{FAE04EC0-301F-11D3-BF4B-00C04F79EFBC}") = "CR_Viewer", "CR_Viewer\CR_Viewer.csproj", "{ED663C5D-3105-4C4C-80A6-007871F19D6F}"
EndProject
Global
	GlobalSection(SolutionConfigurationPlatforms) = preSolution
		Debug|Any CPU = Debug|Any CPU
		Release|Any CPU = Release|Any CPU
	EndGlobalSection
	GlobalSection(ProjectConfigurationPlatforms) = postSolution
		{ED663C5D-3105-4C4C-80A6-007871F19D6F}.Debug|Any CPU.ActiveCfg = Debug|Any CPU
		{ED663C5D-3105-4C4C-80A6-007871F19D6F}.Debug|Any CPU.Build.0 = Debug|Any CPU
		{ED663C5D-3105-4C4C-80A6-007871F19D6F}.Release|Any CPU.ActiveCfg = Release|Any CPU
		{ED663C5D-3105-4C4C-80A6-007871F19D6F}.Release|Any CPU.Build.0 = Release|Any CPU
	EndGlobalSection
	GlobalSection(SolutionProperties) = preSolution
		HideSolutionNode = FALSE
	EndGlobalSection
	GlobalSection(ExtensibilityGlobals) = postSolution
		SolutionGuid = {3E5FBA91-2461-4AE2-8394-D0186E9137F9}
	EndGlobalSection
EndGlobal
